
Microsoft Visual Studio Solution File, Format Version 12.00
# Visual Studio 15
VisualStudioVersion = 15.0.26124.0
MinimumVisualStudioVersion = 15.0.26124.0
Project("{2150E333-8FDC-42A3-9474-1A3956D46DE8}") = "src", "src", "{E3434823-B152-460E-9EC0-2AE4C1EA9CD7}"
EndProject
Project("{FAE04EC0-301F-11D3-BF4B-00C04F79EFBC}") = "AM.Condo", "src\AM.Condo\AM.Condo.csproj", "{C6B348BD-4EEE-443E-93F8-4FC313536AA8}"
EndProject
Project("{FAE04EC0-301F-11D3-BF4B-00C04F79EFBC}") = "AM.Condo.Abstractions", "src\AM.Condo.Abstractions\AM.Condo.Abstractions.csproj", "{8DC48BA3-F14A-47C3-9FAB-A99A14E0A08B}"
EndProject
Project("{FAE04EC0-301F-11D3-BF4B-00C04F79EFBC}") = "AM.Condo.ChangeLog", "src\AM.Condo.ChangeLog\AM.Condo.ChangeLog.csproj", "{11E8B03F-1DAC-4810-9309-957716D1081F}"
EndProject
Project("{FAE04EC0-301F-11D3-BF4B-00C04F79EFBC}") = "AM.Condo.ExampleApi", "src\AM.Condo.ExampleApi\AM.Condo.ExampleApi.csproj", "{6308CF4F-CAD4-4B41-94D7-668C829FBF0E}"
EndProject
Project("{FAE04EC0-301F-11D3-BF4B-00C04F79EFBC}") = "AM.Condo.IO", "src\AM.Condo.IO\AM.Condo.IO.csproj", "{51A4B04C-9A5C-474C-A73F-371FB6DBDE2A}"
EndProject
Project("{FAE04EC0-301F-11D3-BF4B-00C04F79EFBC}") = "AM.Condo.Xunit", "src\AM.Condo.Xunit\AM.Condo.Xunit.csproj", "{D4F426AC-4C70-45A0-B99F-2D6DA06CCF6A}"
EndProject
Project("{2150E333-8FDC-42A3-9474-1A3956D46DE8}") = "test", "test", "{8BEB4C78-7F38-4870-A40F-182D8FEB0C2A}"
EndProject
Project("{FAE04EC0-301F-11D3-BF4B-00C04F79EFBC}") = "AM.Condo.E2E.Test", "test\AM.Condo.E2E.Test\AM.Condo.E2E.Test.csproj", "{621BA093-FF9A-4E97-BE25-D85E0E64DBA4}"
EndProject
Project("{FAE04EC0-301F-11D3-BF4B-00C04F79EFBC}") = "AM.Condo.IO.Test", "test\AM.Condo.IO.Test\AM.Condo.IO.Test.csproj", "{DEFD6302-0086-4D69-AF92-53AEFC6ED1F0}"
EndProject
Project("{FAE04EC0-301F-11D3-BF4B-00C04F79EFBC}") = "AM.Condo.Test", "test\AM.Condo.Test\AM.Condo.Test.csproj", "{D1B8547C-11E8-41BF-95C8-72386BC587DC}"
EndProject
Global
	GlobalSection(SolutionConfigurationPlatforms) = preSolution
		Debug|Any CPU = Debug|Any CPU
		Debug|x64 = Debug|x64
		Debug|x86 = Debug|x86
		Release|Any CPU = Release|Any CPU
		Release|x64 = Release|x64
		Release|x86 = Release|x86
	EndGlobalSection
	GlobalSection(SolutionProperties) = preSolution
		HideSolutionNode = FALSE
	EndGlobalSection
	GlobalSection(ProjectConfigurationPlatforms) = postSolution
		{C6B348BD-4EEE-443E-93F8-4FC313536AA8}.Debug|Any CPU.ActiveCfg = Debug|Any CPU
		{C6B348BD-4EEE-443E-93F8-4FC313536AA8}.Debug|Any CPU.Build.0 = Debug|Any CPU
		{C6B348BD-4EEE-443E-93F8-4FC313536AA8}.Debug|x64.ActiveCfg = Debug|x64
		{C6B348BD-4EEE-443E-93F8-4FC313536AA8}.Debug|x64.Build.0 = Debug|x64
		{C6B348BD-4EEE-443E-93F8-4FC313536AA8}.Debug|x86.ActiveCfg = Debug|x86
		{C6B348BD-4EEE-443E-93F8-4FC313536AA8}.Debug|x86.Build.0 = Debug|x86
		{C6B348BD-4EEE-443E-93F8-4FC313536AA8}.Release|Any CPU.ActiveCfg = Release|Any CPU
		{C6B348BD-4EEE-443E-93F8-4FC313536AA8}.Release|Any CPU.Build.0 = Release|Any CPU
		{C6B348BD-4EEE-443E-93F8-4FC313536AA8}.Release|x64.ActiveCfg = Release|x64
		{C6B348BD-4EEE-443E-93F8-4FC313536AA8}.Release|x64.Build.0 = Release|x64
		{C6B348BD-4EEE-443E-93F8-4FC313536AA8}.Release|x86.ActiveCfg = Release|x86
		{C6B348BD-4EEE-443E-93F8-4FC313536AA8}.Release|x86.Build.0 = Release|x86
		{8DC48BA3-F14A-47C3-9FAB-A99A14E0A08B}.Debug|Any CPU.ActiveCfg = Debug|Any CPU
		{8DC48BA3-F14A-47C3-9FAB-A99A14E0A08B}.Debug|Any CPU.Build.0 = Debug|Any CPU
		{8DC48BA3-F14A-47C3-9FAB-A99A14E0A08B}.Debug|x64.ActiveCfg = Debug|x64
		{8DC48BA3-F14A-47C3-9FAB-A99A14E0A08B}.Debug|x64.Build.0 = Debug|x64
		{8DC48BA3-F14A-47C3-9FAB-A99A14E0A08B}.Debug|x86.ActiveCfg = Debug|x86
		{8DC48BA3-F14A-47C3-9FAB-A99A14E0A08B}.Debug|x86.Build.0 = Debug|x86
		{8DC48BA3-F14A-47C3-9FAB-A99A14E0A08B}.Release|Any CPU.ActiveCfg = Release|Any CPU
		{8DC48BA3-F14A-47C3-9FAB-A99A14E0A08B}.Release|Any CPU.Build.0 = Release|Any CPU
		{8DC48BA3-F14A-47C3-9FAB-A99A14E0A08B}.Release|x64.ActiveCfg = Release|x64
		{8DC48BA3-F14A-47C3-9FAB-A99A14E0A08B}.Release|x64.Build.0 = Release|x64
		{8DC48BA3-F14A-47C3-9FAB-A99A14E0A08B}.Release|x86.ActiveCfg = Release|x86
		{8DC48BA3-F14A-47C3-9FAB-A99A14E0A08B}.Release|x86.Build.0 = Release|x86
		{11E8B03F-1DAC-4810-9309-957716D1081F}.Debug|Any CPU.ActiveCfg = Debug|Any CPU
		{11E8B03F-1DAC-4810-9309-957716D1081F}.Debug|Any CPU.Build.0 = Debug|Any CPU
		{11E8B03F-1DAC-4810-9309-957716D1081F}.Debug|x64.ActiveCfg = Debug|x64
		{11E8B03F-1DAC-4810-9309-957716D1081F}.Debug|x64.Build.0 = Debug|x64
		{11E8B03F-1DAC-4810-9309-957716D1081F}.Debug|x86.ActiveCfg = Debug|x86
		{11E8B03F-1DAC-4810-9309-957716D1081F}.Debug|x86.Build.0 = Debug|x86
		{11E8B03F-1DAC-4810-9309-957716D1081F}.Release|Any CPU.ActiveCfg = Release|Any CPU
		{11E8B03F-1DAC-4810-9309-957716D1081F}.Release|Any CPU.Build.0 = Release|Any CPU
		{11E8B03F-1DAC-4810-9309-957716D1081F}.Release|x64.ActiveCfg = Release|x64
		{11E8B03F-1DAC-4810-9309-957716D1081F}.Release|x64.Build.0 = Release|x64
		{11E8B03F-1DAC-4810-9309-957716D1081F}.Release|x86.ActiveCfg = Release|x86
		{11E8B03F-1DAC-4810-9309-957716D1081F}.Release|x86.Build.0 = Release|x86
		{6308CF4F-CAD4-4B41-94D7-668C829FBF0E}.Debug|Any CPU.ActiveCfg = Debug|Any CPU
		{6308CF4F-CAD4-4B41-94D7-668C829FBF0E}.Debug|Any CPU.Build.0 = Debug|Any CPU
		{6308CF4F-CAD4-4B41-94D7-668C829FBF0E}.Debug|x64.ActiveCfg = Debug|x64
		{6308CF4F-CAD4-4B41-94D7-668C829FBF0E}.Debug|x64.Build.0 = Debug|x64
		{6308CF4F-CAD4-4B41-94D7-668C829FBF0E}.Debug|x86.ActiveCfg = Debug|x86
		{6308CF4F-CAD4-4B41-94D7-668C829FBF0E}.Debug|x86.Build.0 = Debug|x86
		{6308CF4F-CAD4-4B41-94D7-668C829FBF0E}.Release|Any CPU.ActiveCfg = Release|Any CPU
		{6308CF4F-CAD4-4B41-94D7-668C829FBF0E}.Release|Any CPU.Build.0 = Release|Any CPU
		{6308CF4F-CAD4-4B41-94D7-668C829FBF0E}.Release|x64.ActiveCfg = Release|x64
		{6308CF4F-CAD4-4B41-94D7-668C829FBF0E}.Release|x64.Build.0 = Release|x64
		{6308CF4F-CAD4-4B41-94D7-668C829FBF0E}.Release|x86.ActiveCfg = Release|x86
		{6308CF4F-CAD4-4B41-94D7-668C829FBF0E}.Release|x86.Build.0 = Release|x86
		{51A4B04C-9A5C-474C-A73F-371FB6DBDE2A}.Debug|Any CPU.ActiveCfg = Debug|Any CPU
		{51A4B04C-9A5C-474C-A73F-371FB6DBDE2A}.Debug|Any CPU.Build.0 = Debug|Any CPU
		{51A4B04C-9A5C-474C-A73F-371FB6DBDE2A}.Debug|x64.ActiveCfg = Debug|x64
		{51A4B04C-9A5C-474C-A73F-371FB6DBDE2A}.Debug|x64.Build.0 = Debug|x64
		{51A4B04C-9A5C-474C-A73F-371FB6DBDE2A}.Debug|x86.ActiveCfg = Debug|x86
		{51A4B04C-9A5C-474C-A73F-371FB6DBDE2A}.Debug|x86.Build.0 = Debug|x86
		{51A4B04C-9A5C-474C-A73F-371FB6DBDE2A}.Release|Any CPU.ActiveCfg = Release|Any CPU
		{51A4B04C-9A5C-474C-A73F-371FB6DBDE2A}.Release|Any CPU.Build.0 = Release|Any CPU
		{51A4B04C-9A5C-474C-A73F-371FB6DBDE2A}.Release|x64.ActiveCfg = Release|x64
		{51A4B04C-9A5C-474C-A73F-371FB6DBDE2A}.Release|x64.Build.0 = Release|x64
		{51A4B04C-9A5C-474C-A73F-371FB6DBDE2A}.Release|x86.ActiveCfg = Release|x86
		{51A4B04C-9A5C-474C-A73F-371FB6DBDE2A}.Release|x86.Build.0 = Release|x86
		{D4F426AC-4C70-45A0-B99F-2D6DA06CCF6A}.Debug|Any CPU.ActiveCfg = Debug|Any CPU
		{D4F426AC-4C70-45A0-B99F-2D6DA06CCF6A}.Debug|Any CPU.Build.0 = Debug|Any CPU
		{D4F426AC-4C70-45A0-B99F-2D6DA06CCF6A}.Debug|x64.ActiveCfg = Debug|x64
		{D4F426AC-4C70-45A0-B99F-2D6DA06CCF6A}.Debug|x64.Build.0 = Debug|x64
		{D4F426AC-4C70-45A0-B99F-2D6DA06CCF6A}.Debug|x86.ActiveCfg = Debug|x86
		{D4F426AC-4C70-45A0-B99F-2D6DA06CCF6A}.Debug|x86.Build.0 = Debug|x86
		{D4F426AC-4C70-45A0-B99F-2D6DA06CCF6A}.Release|Any CPU.ActiveCfg = Release|Any CPU
		{D4F426AC-4C70-45A0-B99F-2D6DA06CCF6A}.Release|Any CPU.Build.0 = Release|Any CPU
		{D4F426AC-4C70-45A0-B99F-2D6DA06CCF6A}.Release|x64.ActiveCfg = Release|x64
		{D4F426AC-4C70-45A0-B99F-2D6DA06CCF6A}.Release|x64.Build.0 = Release|x64
		{D4F426AC-4C70-45A0-B99F-2D6DA06CCF6A}.Release|x86.ActiveCfg = Release|x86
		{D4F426AC-4C70-45A0-B99F-2D6DA06CCF6A}.Release|x86.Build.0 = Release|x86
		{621BA093-FF9A-4E97-BE25-D85E0E64DBA4}.Debug|Any CPU.ActiveCfg = Debug|Any CPU
		{621BA093-FF9A-4E97-BE25-D85E0E64DBA4}.Debug|Any CPU.Build.0 = Debug|Any CPU
		{621BA093-FF9A-4E97-BE25-D85E0E64DBA4}.Debug|x64.ActiveCfg = Debug|x64
		{621BA093-FF9A-4E97-BE25-D85E0E64DBA4}.Debug|x64.Build.0 = Debug|x64
		{621BA093-FF9A-4E97-BE25-D85E0E64DBA4}.Debug|x86.ActiveCfg = Debug|x86
		{621BA093-FF9A-4E97-BE25-D85E0E64DBA4}.Debug|x86.Build.0 = Debug|x86
		{621BA093-FF9A-4E97-BE25-D85E0E64DBA4}.Release|Any CPU.ActiveCfg = Release|Any CPU
		{621BA093-FF9A-4E97-BE25-D85E0E64DBA4}.Release|Any CPU.Build.0 = Release|Any CPU
		{621BA093-FF9A-4E97-BE25-D85E0E64DBA4}.Release|x64.ActiveCfg = Release|x64
		{621BA093-FF9A-4E97-BE25-D85E0E64DBA4}.Release|x64.Build.0 = Release|x64
		{621BA093-FF9A-4E97-BE25-D85E0E64DBA4}.Release|x86.ActiveCfg = Release|x86
		{621BA093-FF9A-4E97-BE25-D85E0E64DBA4}.Release|x86.Build.0 = Release|x86
		{DEFD6302-0086-4D69-AF92-53AEFC6ED1F0}.Debug|Any CPU.ActiveCfg = Debug|Any CPU
		{DEFD6302-0086-4D69-AF92-53AEFC6ED1F0}.Debug|Any CPU.Build.0 = Debug|Any CPU
		{DEFD6302-0086-4D69-AF92-53AEFC6ED1F0}.Debug|x64.ActiveCfg = Debug|x64
		{DEFD6302-0086-4D69-AF92-53AEFC6ED1F0}.Debug|x64.Build.0 = Debug|x64
		{DEFD6302-0086-4D69-AF92-53AEFC6ED1F0}.Debug|x86.ActiveCfg = Debug|x86
		{DEFD6302-0086-4D69-AF92-53AEFC6ED1F0}.Debug|x86.Build.0 = Debug|x86
		{DEFD6302-0086-4D69-AF92-53AEFC6ED1F0}.Release|Any CPU.ActiveCfg = Release|Any CPU
		{DEFD6302-0086-4D69-AF92-53AEFC6ED1F0}.Release|Any CPU.Build.0 = Release|Any CPU
		{DEFD6302-0086-4D69-AF92-53AEFC6ED1F0}.Release|x64.ActiveCfg = Release|x64
		{DEFD6302-0086-4D69-AF92-53AEFC6ED1F0}.Release|x64.Build.0 = Release|x64
		{DEFD6302-0086-4D69-AF92-53AEFC6ED1F0}.Release|x86.ActiveCfg = Release|x86
		{DEFD6302-0086-4D69-AF92-53AEFC6ED1F0}.Release|x86.Build.0 = Release|x86
		{D1B8547C-11E8-41BF-95C8-72386BC587DC}.Debug|Any CPU.ActiveCfg = Debug|Any CPU
		{D1B8547C-11E8-41BF-95C8-72386BC587DC}.Debug|Any CPU.Build.0 = Debug|Any CPU
		{D1B8547C-11E8-41BF-95C8-72386BC587DC}.Debug|x64.ActiveCfg = Debug|x64
		{D1B8547C-11E8-41BF-95C8-72386BC587DC}.Debug|x64.Build.0 = Debug|x64
		{D1B8547C-11E8-41BF-95C8-72386BC587DC}.Debug|x86.ActiveCfg = Debug|x86
		{D1B8547C-11E8-41BF-95C8-72386BC587DC}.Debug|x86.Build.0 = Debug|x86
		{D1B8547C-11E8-41BF-95C8-72386BC587DC}.Release|Any CPU.ActiveCfg = Release|Any CPU
		{D1B8547C-11E8-41BF-95C8-72386BC587DC}.Release|Any CPU.Build.0 = Release|Any CPU
		{D1B8547C-11E8-41BF-95C8-72386BC587DC}.Release|x64.ActiveCfg = Release|x64
		{D1B8547C-11E8-41BF-95C8-72386BC587DC}.Release|x64.Build.0 = Release|x64
		{D1B8547C-11E8-41BF-95C8-72386BC587DC}.Release|x86.ActiveCfg = Release|x86
		{D1B8547C-11E8-41BF-95C8-72386BC587DC}.Release|x86.Build.0 = Release|x86
	EndGlobalSection
	GlobalSection(NestedProjects) = preSolution
		{C6B348BD-4EEE-443E-93F8-4FC313536AA8} = {E3434823-B152-460E-9EC0-2AE4C1EA9CD7}
		{8DC48BA3-F14A-47C3-9FAB-A99A14E0A08B} = {E3434823-B152-460E-9EC0-2AE4C1EA9CD7}
		{11E8B03F-1DAC-4810-9309-957716D1081F} = {E3434823-B152-460E-9EC0-2AE4C1EA9CD7}
		{6308CF4F-CAD4-4B41-94D7-668C829FBF0E} = {E3434823-B152-460E-9EC0-2AE4C1EA9CD7}
		{51A4B04C-9A5C-474C-A73F-371FB6DBDE2A} = {E3434823-B152-460E-9EC0-2AE4C1EA9CD7}
		{D4F426AC-4C70-45A0-B99F-2D6DA06CCF6A} = {E3434823-B152-460E-9EC0-2AE4C1EA9CD7}
		{621BA093-FF9A-4E97-BE25-D85E0E64DBA4} = {8BEB4C78-7F38-4870-A40F-182D8FEB0C2A}
		{DEFD6302-0086-4D69-AF92-53AEFC6ED1F0} = {8BEB4C78-7F38-4870-A40F-182D8FEB0C2A}
		{D1B8547C-11E8-41BF-95C8-72386BC587DC} = {8BEB4C78-7F38-4870-A40F-182D8FEB0C2A}
	EndGlobalSection
EndGlobal
